
Microsoft Visual Studio Solution File, Format Version 12.00
# Visual Studio Version 16
VisualStudioVersion = 16.0.30320.27
MinimumVisualStudioVersion = 10.0.40219.1
Project("{FAE04EC0-301F-11D3-BF4B-00C04F79EFBC}") = "AlenClubTimer", "AlenClubTimer.csproj", "{F44A7EF9-467E-427D-A4BE-4AA5DE154F29}"
EndProject
Project("{FAE04EC0-301F-11D3-BF4B-00C04F79EFBC}") = "UpdateProject", "..\UpdateProject\UpdateProject.csproj", "{59A85B56-B398-49C0-8687-948F254CB9C0}"
EndProject
Global
	GlobalSection(SolutionConfigurationPlatforms) = preSolution
		Debug|Any CPU = Debug|Any CPU
		Release|Any CPU = Release|Any CPU
	EndGlobalSection
	GlobalSection(ProjectConfigurationPlatforms) = postSolution
		{F44A7EF9-467E-427D-A4BE-4AA5DE154F29}.Debug|Any CPU.ActiveCfg = Debug|Any CPU
		{F44A7EF9-467E-427D-A4BE-4AA5DE154F29}.Debug|Any CPU.Build.0 = Debug|Any CPU
		{F44A7EF9-467E-427D-A4BE-4AA5DE154F29}.Release|Any CPU.ActiveCfg = Release|Any CPU
		{F44A7EF9-467E-427D-A4BE-4AA5DE154F29}.Release|Any CPU.Build.0 = Release|Any CPU
		{59A85B56-B398-49C0-8687-948F254CB9C0}.Debug|Any CPU.ActiveCfg = Debug|Any CPU
		{59A85B56-B398-49C0-8687-948F254CB9C0}.Debug|Any CPU.Build.0 = Debug|Any CPU
		{59A85B56-B398-49C0-8687-948F254CB9C0}.Release|Any CPU.ActiveCfg = Release|Any CPU
		{59A85B56-B398-49C0-8687-948F254CB9C0}.Release|Any CPU.Build.0 = Release|Any CPU
	EndGlobalSection
	GlobalSection(SolutionProperties) = preSolution
		HideSolutionNode = FALSE
	EndGlobalSection
	GlobalSection(ExtensibilityGlobals) = postSolution
		SolutionGuid = {0E844AAF-962E-4EFB-86F2-FBE950B2C161}
	EndGlobalSection
EndGlobal
